
Microsoft Visual Studio Solution File, Format Version 12.00
# Visual Studio 15
VisualStudioVersion = 15.0.27703.2042
MinimumVisualStudioVersion = 10.0.40219.1
Project("{8BC9CEB8-8B4A-11D0-8D11-00A0C91BC942}") = "MSIM722_GA_GA", "MSIM722_GA_GA\MSIM722_GA_GA.vcxproj", "{0EF42E09-255B-4099-AA85-449E199D4061}"
EndProject
Global
	GlobalSection(SolutionConfigurationPlatforms) = preSolution
		Debug|x64 = Debug|x64
		Debug|x86 = Debug|x86
		Release|x64 = Release|x64
		Release|x86 = Release|x86
	EndGlobalSection
	GlobalSection(ProjectConfigurationPlatforms) = postSolution
		{0EF42E09-255B-4099-AA85-449E199D4061}.Debug|x64.ActiveCfg = Debug|x64
		{0EF42E09-255B-4099-AA85-449E199D4061}.Debug|x64.Build.0 = Debug|x64
		{0EF42E09-255B-4099-AA85-449E199D4061}.Debug|x86.ActiveCfg = Debug|Win32
		{0EF42E09-255B-4099-AA85-449E199D4061}.Debug|x86.Build.0 = Debug|Win32
		{0EF42E09-255B-4099-AA85-449E199D4061}.Release|x64.ActiveCfg = Release|x64
		{0EF42E09-255B-4099-AA85-449E199D4061}.Release|x64.Build.0 = Release|x64
		{0EF42E09-255B-4099-AA85-449E199D4061}.Release|x86.ActiveCfg = Release|Win32
		{0EF42E09-255B-4099-AA85-449E199D4061}.Release|x86.Build.0 = Release|Win32
	EndGlobalSection
	GlobalSection(SolutionProperties) = preSolution
		HideSolutionNode = FALSE
	EndGlobalSection
	GlobalSection(ExtensibilityGlobals) = postSolution
		SolutionGuid = {0A0615E7-3287-4207-B704-7890686162B9}
	EndGlobalSection
EndGlobal
